// !$*UTF8*$!
{
	archiveVersion = 1;
	classes = {
	};
	objectVersion = 56;
	objects = {

/* Begin PBXBuildFile section */
		6011DCA529F9339200686D69 /* AppService.swift in Sources */ = {isa = PBXBuildFile; fileRef = 6011DCA429F9339200686D69 /* AppService.swift */; };
		6011DCB029F938C700686D69 /* AppModel.swift in Sources */ = {isa = PBXBuildFile; fileRef = 6011DCAF29F938C700686D69 /* AppModel.swift */; };
		6011DCB329F93EDD00686D69 /* AppDetailCellViewModel.swift in Sources */ = {isa = PBXBuildFile; fileRef = 6011DCB229F93EDD00686D69 /* AppDetailCellViewModel.swift */; };
		6011DCB529F941DC00686D69 /* AppHeaderViewModel.swift in Sources */ = {isa = PBXBuildFile; fileRef = 6011DCB429F941DC00686D69 /* AppHeaderViewModel.swift */; };
		6011DCB729F941F900686D69 /* HeaderModel.swift in Sources */ = {isa = PBXBuildFile; fileRef = 6011DCB629F941F900686D69 /* HeaderModel.swift */; };
		601795E529F867E3003C2DE2 /* AppCell.swift in Sources */ = {isa = PBXBuildFile; fileRef = 601795E429F867E3003C2DE2 /* AppCell.swift */; };
		601795E729F87268003C2DE2 /* AppCellController.swift in Sources */ = {isa = PBXBuildFile; fileRef = 601795E629F87268003C2DE2 /* AppCellController.swift */; };
		601795E929F8756E003C2DE2 /* AppDetailCell.swift in Sources */ = {isa = PBXBuildFile; fileRef = 601795E829F8756E003C2DE2 /* AppDetailCell.swift */; };
		601795EB29F87B7F003C2DE2 /* AppHeaderCell.swift in Sources */ = {isa = PBXBuildFile; fileRef = 601795EA29F87B7E003C2DE2 /* AppHeaderCell.swift */; };
		601795EE29F87C80003C2DE2 /* AppHeaderView.swift in Sources */ = {isa = PBXBuildFile; fileRef = 601795ED29F87C80003C2DE2 /* AppHeaderView.swift */; };
		601795F029F87CAA003C2DE2 /* AppHeaderController.swift in Sources */ = {isa = PBXBuildFile; fileRef = 601795EF29F87CAA003C2DE2 /* AppHeaderController.swift */; };
		60209EE229FB13A7004103BD /* AppInfoController.swift in Sources */ = {isa = PBXBuildFile; fileRef = 60209EE129FB13A7004103BD /* AppInfoController.swift */; };
		60209EE529FB1495004103BD /* AppInfoCell.swift in Sources */ = {isa = PBXBuildFile; fileRef = 60209EE429FB1495004103BD /* AppInfoCell.swift */; };
		608F7D5729F6E1320027E2BD /* AppDelegate.swift in Sources */ = {isa = PBXBuildFile; fileRef = 608F7D5629F6E1320027E2BD /* AppDelegate.swift */; };
		608F7D5B29F6E1320027E2BD /* MainTaBarController.swift in Sources */ = {isa = PBXBuildFile; fileRef = 608F7D5A29F6E1320027E2BD /* MainTaBarController.swift */; };
		608F7D6029F6E1330027E2BD /* Assets.xcassets in Resources */ = {isa = PBXBuildFile; fileRef = 608F7D5F29F6E1330027E2BD /* Assets.xcassets */; };
		608F7D6329F6E1330027E2BD /* LaunchScreen.storyboard in Resources */ = {isa = PBXBuildFile; fileRef = 608F7D6129F6E1330027E2BD /* LaunchScreen.storyboard */; };
		608F7D7229F6E3180027E2BD /* AppViewController.swift in Sources */ = {isa = PBXBuildFile; fileRef = 608F7D7129F6E3180027E2BD /* AppViewController.swift */; };
		608F7D7429F6E31F0027E2BD /* TodayViewController.swift in Sources */ = {isa = PBXBuildFile; fileRef = 608F7D7329F6E31F0027E2BD /* TodayViewController.swift */; };
		608F7D7629F6E3270027E2BD /* SearchViewController.swift in Sources */ = {isa = PBXBuildFile; fileRef = 608F7D7529F6E3270027E2BD /* SearchViewController.swift */; };
		608F7D7929F6E8F60027E2BD /* SearchCell.swift in Sources */ = {isa = PBXBuildFile; fileRef = 608F7D7829F6E8F60027E2BD /* SearchCell.swift */; };
		608F7D7C29F6F50B0027E2BD /* UIImage+Extension.swift in Sources */ = {isa = PBXBuildFile; fileRef = 608F7D7B29F6F50B0027E2BD /* UIImage+Extension.swift */; };
		608F7D7F29F700F40027E2BD /* Alamofire in Frameworks */ = {isa = PBXBuildFile; productRef = 608F7D7E29F700F40027E2BD /* Alamofire */; };
		608F7D8329F7011C0027E2BD /* SearchService.swift in Sources */ = {isa = PBXBuildFile; fileRef = 608F7D8229F7011C0027E2BD /* SearchService.swift */; };
		608F7D8629F701250027E2BD /* Constant.swift in Sources */ = {isa = PBXBuildFile; fileRef = 608F7D8529F701250027E2BD /* Constant.swift */; };
		608F7D8929F70B900027E2BD /* SearchModel.swift in Sources */ = {isa = PBXBuildFile; fileRef = 608F7D8829F70B900027E2BD /* SearchModel.swift */; };
		60B87C7E29F71CCF00AF7E3B /* SearchCellViewModel.swift in Sources */ = {isa = PBXBuildFile; fileRef = 60B87C7D29F71CCF00AF7E3B /* SearchCellViewModel.swift */; };
		60B87C8129F71F5300AF7E3B /* Kingfisher in Frameworks */ = {isa = PBXBuildFile; productRef = 60B87C8029F71F5300AF7E3B /* Kingfisher */; };
/* End PBXBuildFile section */

/* Begin PBXFileReference section */
		6011DCA429F9339200686D69 /* AppService.swift */ = {isa = PBXFileReference; lastKnownFileType = sourcecode.swift; path = AppService.swift; sourceTree = "<group>"; };
		6011DCAF29F938C700686D69 /* AppModel.swift */ = {isa = PBXFileReference; lastKnownFileType = sourcecode.swift; path = AppModel.swift; sourceTree = "<group>"; };
		6011DCB229F93EDD00686D69 /* AppDetailCellViewModel.swift */ = {isa = PBXFileReference; lastKnownFileType = sourcecode.swift; path = AppDetailCellViewModel.swift; sourceTree = "<group>"; };
		6011DCB429F941DC00686D69 /* AppHeaderViewModel.swift */ = {isa = PBXFileReference; lastKnownFileType = sourcecode.swift; path = AppHeaderViewModel.swift; sourceTree = "<group>"; };
		6011DCB629F941F900686D69 /* HeaderModel.swift */ = {isa = PBXFileReference; lastKnownFileType = sourcecode.swift; path = HeaderModel.swift; sourceTree = "<group>"; };
		601795E429F867E3003C2DE2 /* AppCell.swift */ = {isa = PBXFileReference; lastKnownFileType = sourcecode.swift; path = AppCell.swift; sourceTree = "<group>"; };
		601795E629F87268003C2DE2 /* AppCellController.swift */ = {isa = PBXFileReference; lastKnownFileType = sourcecode.swift; path = AppCellController.swift; sourceTree = "<group>"; };
		601795E829F8756E003C2DE2 /* AppDetailCell.swift */ = {isa = PBXFileReference; lastKnownFileType = sourcecode.swift; path = AppDetailCell.swift; sourceTree = "<group>"; };
		601795EA29F87B7E003C2DE2 /* AppHeaderCell.swift */ = {isa = PBXFileReference; lastKnownFileType = sourcecode.swift; path = AppHeaderCell.swift; sourceTree = "<group>"; };
		601795ED29F87C80003C2DE2 /* AppHeaderView.swift */ = {isa = PBXFileReference; lastKnownFileType = sourcecode.swift; path = AppHeaderView.swift; sourceTree = "<group>"; };
		601795EF29F87CAA003C2DE2 /* AppHeaderController.swift */ = {isa = PBXFileReference; lastKnownFileType = sourcecode.swift; path = AppHeaderController.swift; sourceTree = "<group>"; };
		60209EE129FB13A7004103BD /* AppInfoController.swift */ = {isa = PBXFileReference; lastKnownFileType = sourcecode.swift; path = AppInfoController.swift; sourceTree = "<group>"; };
		60209EE429FB1495004103BD /* AppInfoCell.swift */ = {isa = PBXFileReference; lastKnownFileType = sourcecode.swift; path = AppInfoCell.swift; sourceTree = "<group>"; };
		608F7D5329F6E1320027E2BD /* AppStore.app */ = {isa = PBXFileReference; explicitFileType = wrapper.application; includeInIndex = 0; path = AppStore.app; sourceTree = BUILT_PRODUCTS_DIR; };
		608F7D5629F6E1320027E2BD /* AppDelegate.swift */ = {isa = PBXFileReference; lastKnownFileType = sourcecode.swift; path = AppDelegate.swift; sourceTree = "<group>"; };
		608F7D5A29F6E1320027E2BD /* MainTaBarController.swift */ = {isa = PBXFileReference; lastKnownFileType = sourcecode.swift; path = MainTaBarController.swift; sourceTree = "<group>"; };
		608F7D5F29F6E1330027E2BD /* Assets.xcassets */ = {isa = PBXFileReference; lastKnownFileType = folder.assetcatalog; path = Assets.xcassets; sourceTree = "<group>"; };
		608F7D6229F6E1330027E2BD /* Base */ = {isa = PBXFileReference; lastKnownFileType = file.storyboard; name = Base; path = Base.lproj/LaunchScreen.storyboard; sourceTree = "<group>"; };
		608F7D6429F6E1330027E2BD /* Info.plist */ = {isa = PBXFileReference; lastKnownFileType = text.plist.xml; path = Info.plist; sourceTree = "<group>"; };
		608F7D7129F6E3180027E2BD /* AppViewController.swift */ = {isa = PBXFileReference; lastKnownFileType = sourcecode.swift; path = AppViewController.swift; sourceTree = "<group>"; };
		608F7D7329F6E31F0027E2BD /* TodayViewController.swift */ = {isa = PBXFileReference; lastKnownFileType = sourcecode.swift; path = TodayViewController.swift; sourceTree = "<group>"; };
		608F7D7529F6E3270027E2BD /* SearchViewController.swift */ = {isa = PBXFileReference; lastKnownFileType = sourcecode.swift; path = SearchViewController.swift; sourceTree = "<group>"; };
		608F7D7829F6E8F60027E2BD /* SearchCell.swift */ = {isa = PBXFileReference; lastKnownFileType = sourcecode.swift; path = SearchCell.swift; sourceTree = "<group>"; };
		608F7D7B29F6F50B0027E2BD /* UIImage+Extension.swift */ = {isa = PBXFileReference; lastKnownFileType = sourcecode.swift; path = "UIImage+Extension.swift"; sourceTree = "<group>"; };
		608F7D8229F7011C0027E2BD /* SearchService.swift */ = {isa = PBXFileReference; lastKnownFileType = sourcecode.swift; path = SearchService.swift; sourceTree = "<group>"; };
		608F7D8529F701250027E2BD /* Constant.swift */ = {isa = PBXFileReference; lastKnownFileType = sourcecode.swift; path = Constant.swift; sourceTree = "<group>"; };
		608F7D8829F70B900027E2BD /* SearchModel.swift */ = {isa = PBXFileReference; lastKnownFileType = sourcecode.swift; path = SearchModel.swift; sourceTree = "<group>"; };
		60B87C7D29F71CCF00AF7E3B /* SearchCellViewModel.swift */ = {isa = PBXFileReference; lastKnownFileType = sourcecode.swift; path = SearchCellViewModel.swift; sourceTree = "<group>"; };
/* End PBXFileReference section */

/* Begin PBXFrameworksBuildPhase section */
		608F7D5029F6E1320027E2BD /* Frameworks */ = {
			isa = PBXFrameworksBuildPhase;
			buildActionMask = 2147483647;
			files = (
				60B87C8129F71F5300AF7E3B /* Kingfisher in Frameworks */,
				608F7D7F29F700F40027E2BD /* Alamofire in Frameworks */,
			);
			runOnlyForDeploymentPostprocessing = 0;
		};
/* End PBXFrameworksBuildPhase section */

/* Begin PBXGroup section */
		6011DCA329F9338A00686D69 /* App */ = {
			isa = PBXGroup;
			children = (
				6011DCA429F9339200686D69 /* AppService.swift */,
			);
			path = App;
			sourceTree = "<group>";
		};
		6011DCB129F93EC600686D69 /* ViewModel */ = {
			isa = PBXGroup;
			children = (
				6011DCB229F93EDD00686D69 /* AppDetailCellViewModel.swift */,
				6011DCB429F941DC00686D69 /* AppHeaderViewModel.swift */,
			);
			path = ViewModel;
			sourceTree = "<group>";
		};
		601795E329F867DD003C2DE2 /* Cell */ = {
			isa = PBXGroup;
			children = (
				601795E429F867E3003C2DE2 /* AppCell.swift */,
				601795EA29F87B7E003C2DE2 /* AppHeaderCell.swift */,
				601795E829F8756E003C2DE2 /* AppDetailCell.swift */,
				60209EE429FB1495004103BD /* AppInfoCell.swift */,
			);
			path = Cell;
			sourceTree = "<group>";
		};
		601795EC29F87C78003C2DE2 /* View */ = {
			isa = PBXGroup;
			children = (
				601795ED29F87C80003C2DE2 /* AppHeaderView.swift */,
			);
			path = View;
			sourceTree = "<group>";
		};
		608F7D4A29F6E1320027E2BD = {
			isa = PBXGroup;
			children = (
				608F7D5529F6E1320027E2BD /* AppStore */,
				608F7D5429F6E1320027E2BD /* Products */,
			);
			sourceTree = "<group>";
		};
		608F7D5429F6E1320027E2BD /* Products */ = {
			isa = PBXGroup;
			children = (
				608F7D5329F6E1320027E2BD /* AppStore.app */,
			);
			name = Products;
			sourceTree = "<group>";
		};
		608F7D5529F6E1320027E2BD /* AppStore */ = {
			isa = PBXGroup;
			children = (
				608F7D8729F70B860027E2BD /* Model */,
				608F7D8429F7011F0027E2BD /* Constant */,
				608F7D8029F7010F0027E2BD /* Network */,
				608F7D7A29F6F4FA0027E2BD /* Extension */,
				608F7D6C29F6E2520027E2BD /* Scene */,
				608F7D6B29F6E23B0027E2BD /* Sources */,
				608F7D6A29F6E21B0027E2BD /* Files */,
			);
			path = AppStore;
			sourceTree = "<group>";
		};
		608F7D6A29F6E21B0027E2BD /* Files */ = {
			isa = PBXGroup;
			children = (
				608F7D5F29F6E1330027E2BD /* Assets.xcassets */,
				608F7D6129F6E1330027E2BD /* LaunchScreen.storyboard */,
				608F7D6429F6E1330027E2BD /* Info.plist */,
			);
			path = Files;
			sourceTree = "<group>";
		};
		608F7D6B29F6E23B0027E2BD /* Sources */ = {
			isa = PBXGroup;
			children = (
				608F7D5629F6E1320027E2BD /* AppDelegate.swift */,
			);
			path = Sources;
			sourceTree = "<group>";
		};
		608F7D6C29F6E2520027E2BD /* Scene */ = {
			isa = PBXGroup;
			children = (
				608F7D7029F6E3120027E2BD /* App */,
				608F7D6F29F6E30A0027E2BD /* Today */,
				608F7D6E29F6E3050027E2BD /* Search */,
				608F7D6D29F6E25E0027E2BD /* Main */,
			);
			path = Scene;
			sourceTree = "<group>";
		};
		608F7D6D29F6E25E0027E2BD /* Main */ = {
			isa = PBXGroup;
			children = (
				608F7D5A29F6E1320027E2BD /* MainTaBarController.swift */,
			);
			path = Main;
			sourceTree = "<group>";
		};
		608F7D6E29F6E3050027E2BD /* Search */ = {
			isa = PBXGroup;
			children = (
				60B87C7C29F71CC200AF7E3B /* ViewModel */,
				608F7D7729F6E85F0027E2BD /* Cell */,
				608F7D7529F6E3270027E2BD /* SearchViewController.swift */,
			);
			path = Search;
			sourceTree = "<group>";
		};
		608F7D6F29F6E30A0027E2BD /* Today */ = {
			isa = PBXGroup;
			children = (
				608F7D7329F6E31F0027E2BD /* TodayViewController.swift */,
			);
			path = Today;
			sourceTree = "<group>";
		};
		608F7D7029F6E3120027E2BD /* App */ = {
			isa = PBXGroup;
			children = (
				6011DCB129F93EC600686D69 /* ViewModel */,
				601795EC29F87C78003C2DE2 /* View */,
				601795E329F867DD003C2DE2 /* Cell */,
				608F7D7129F6E3180027E2BD /* AppViewController.swift */,
				601795E629F87268003C2DE2 /* AppCellController.swift */,
				601795EF29F87CAA003C2DE2 /* AppHeaderController.swift */,
				60209EE129FB13A7004103BD /* AppInfoController.swift */,
			);
			path = App;
			sourceTree = "<group>";
		};
		608F7D7729F6E85F0027E2BD /* Cell */ = {
			isa = PBXGroup;
			children = (
				608F7D7829F6E8F60027E2BD /* SearchCell.swift */,
			);
			path = Cell;
			sourceTree = "<group>";
		};
		608F7D7A29F6F4FA0027E2BD /* Extension */ = {
			isa = PBXGroup;
			children = (
				608F7D7B29F6F50B0027E2BD /* UIImage+Extension.swift */,
			);
			path = Extension;
			sourceTree = "<group>";
		};
		608F7D8029F7010F0027E2BD /* Network */ = {
			isa = PBXGroup;
			children = (
				6011DCA329F9338A00686D69 /* App */,
				608F7D8129F701150027E2BD /* Search */,
			);
			path = Network;
			sourceTree = "<group>";
		};
		608F7D8129F701150027E2BD /* Search */ = {
			isa = PBXGroup;
			children = (
				608F7D8229F7011C0027E2BD /* SearchService.swift */,
			);
			path = Search;
			sourceTree = "<group>";
		};
		608F7D8429F7011F0027E2BD /* Constant */ = {
			isa = PBXGroup;
			children = (
				608F7D8529F701250027E2BD /* Constant.swift */,
			);
			path = Constant;
			sourceTree = "<group>";
		};
		608F7D8729F70B860027E2BD /* Model */ = {
			isa = PBXGroup;
			children = (
				608F7D8829F70B900027E2BD /* SearchModel.swift */,
				6011DCAF29F938C700686D69 /* AppModel.swift */,
				6011DCB629F941F900686D69 /* HeaderModel.swift */,
			);
			path = Model;
			sourceTree = "<group>";
		};
		60B87C7C29F71CC200AF7E3B /* ViewModel */ = {
			isa = PBXGroup;
			children = (
				60B87C7D29F71CCF00AF7E3B /* SearchCellViewModel.swift */,
			);
			path = ViewModel;
			sourceTree = "<group>";
		};
/* End PBXGroup section */

/* Begin PBXNativeTarget section */
		608F7D5229F6E1320027E2BD /* AppStore */ = {
			isa = PBXNativeTarget;
			buildConfigurationList = 608F7D6729F6E1330027E2BD /* Build configuration list for PBXNativeTarget "AppStore" */;
			buildPhases = (
				608F7D4F29F6E1320027E2BD /* Sources */,
				608F7D5029F6E1320027E2BD /* Frameworks */,
				608F7D5129F6E1320027E2BD /* Resources */,
			);
			buildRules = (
			);
			dependencies = (
			);
			name = AppStore;
			packageProductDependencies = (
				608F7D7E29F700F40027E2BD /* Alamofire */,
				60B87C8029F71F5300AF7E3B /* Kingfisher */,
			);
			productName = AppStore;
			productReference = 608F7D5329F6E1320027E2BD /* AppStore.app */;
			productType = "com.apple.product-type.application";
		};
/* End PBXNativeTarget section */

/* Begin PBXProject section */
		608F7D4B29F6E1320027E2BD /* Project object */ = {
			isa = PBXProject;
			attributes = {
				BuildIndependentTargetsInParallel = 1;
				LastSwiftUpdateCheck = 1430;
				LastUpgradeCheck = 1430;
				TargetAttributes = {
					608F7D5229F6E1320027E2BD = {
						CreatedOnToolsVersion = 14.3;
					};
				};
			};
			buildConfigurationList = 608F7D4E29F6E1320027E2BD /* Build configuration list for PBXProject "AppStore" */;
			compatibilityVersion = "Xcode 14.0";
			developmentRegion = en;
			hasScannedForEncodings = 0;
			knownRegions = (
				en,
				Base,
			);
			mainGroup = 608F7D4A29F6E1320027E2BD;
			packageReferences = (
				608F7D7D29F700F40027E2BD /* XCRemoteSwiftPackageReference "Alamofire" */,
				60B87C7F29F71F5300AF7E3B /* XCRemoteSwiftPackageReference "Kingfisher" */,
			);
			productRefGroup = 608F7D5429F6E1320027E2BD /* Products */;
			projectDirPath = "";
			projectRoot = "";
			targets = (
				608F7D5229F6E1320027E2BD /* AppStore */,
			);
		};
/* End PBXProject section */

/* Begin PBXResourcesBuildPhase section */
		608F7D5129F6E1320027E2BD /* Resources */ = {
			isa = PBXResourcesBuildPhase;
			buildActionMask = 2147483647;
			files = (
				608F7D6329F6E1330027E2BD /* LaunchScreen.storyboard in Resources */,
				608F7D6029F6E1330027E2BD /* Assets.xcassets in Resources */,
			);
			runOnlyForDeploymentPostprocessing = 0;
		};
/* End PBXResourcesBuildPhase section */

/* Begin PBXSourcesBuildPhase section */
		608F7D4F29F6E1320027E2BD /* Sources */ = {
			isa = PBXSourcesBuildPhase;
			buildActionMask = 2147483647;
			files = (
				608F7D7629F6E3270027E2BD /* SearchViewController.swift in Sources */,
				6011DCA529F9339200686D69 /* AppService.swift in Sources */,
				608F7D7929F6E8F60027E2BD /* SearchCell.swift in Sources */,
				6011DCB329F93EDD00686D69 /* AppDetailCellViewModel.swift in Sources */,
				608F7D8629F701250027E2BD /* Constant.swift in Sources */,
				601795EE29F87C80003C2DE2 /* AppHeaderView.swift in Sources */,
				608F7D8929F70B900027E2BD /* SearchModel.swift in Sources */,
				608F7D7429F6E31F0027E2BD /* TodayViewController.swift in Sources */,
				608F7D7229F6E3180027E2BD /* AppViewController.swift in Sources */,
				608F7D5B29F6E1320027E2BD /* MainTaBarController.swift in Sources */,
				608F7D8329F7011C0027E2BD /* SearchService.swift in Sources */,
				60B87C7E29F71CCF00AF7E3B /* SearchCellViewModel.swift in Sources */,
				6011DCB729F941F900686D69 /* HeaderModel.swift in Sources */,
				6011DCB029F938C700686D69 /* AppModel.swift in Sources */,
				601795E729F87268003C2DE2 /* AppCellController.swift in Sources */,
				601795E529F867E3003C2DE2 /* AppCell.swift in Sources */,
				608F7D7C29F6F50B0027E2BD /* UIImage+Extension.swift in Sources */,
				60209EE529FB1495004103BD /* AppInfoCell.swift in Sources */,
				6011DCB529F941DC00686D69 /* AppHeaderViewModel.swift in Sources */,
				60209EE229FB13A7004103BD /* AppInfoController.swift in Sources */,
				601795EB29F87B7F003C2DE2 /* AppHeaderCell.swift in Sources */,
				601795E929F8756E003C2DE2 /* AppDetailCell.swift in Sources */,
				601795F029F87CAA003C2DE2 /* AppHeaderController.swift in Sources */,
				608F7D5729F6E1320027E2BD /* AppDelegate.swift in Sources */,
			);
			runOnlyForDeploymentPostprocessing = 0;
		};
/* End PBXSourcesBuildPhase section */

/* Begin PBXVariantGroup section */
		608F7D6129F6E1330027E2BD /* LaunchScreen.storyboard */ = {
			isa = PBXVariantGroup;
			children = (
				608F7D6229F6E1330027E2BD /* Base */,
			);
			name = LaunchScreen.storyboard;
			sourceTree = "<group>";
		};
/* End PBXVariantGroup section */

/* Begin XCBuildConfiguration section */
		608F7D6529F6E1330027E2BD /* Debug */ = {
			isa = XCBuildConfiguration;
			buildSettings = {
				ALWAYS_SEARCH_USER_PATHS = NO;
				CLANG_ANALYZER_NONNULL = YES;
				CLANG_ANALYZER_NUMBER_OBJECT_CONVERSION = YES_AGGRESSIVE;
				CLANG_CXX_LANGUAGE_STANDARD = "gnu++20";
				CLANG_ENABLE_MODULES = YES;
				CLANG_ENABLE_OBJC_ARC = YES;
				CLANG_ENABLE_OBJC_WEAK = YES;
				CLANG_WARN_BLOCK_CAPTURE_AUTORELEASING = YES;
				CLANG_WARN_BOOL_CONVERSION = YES;
				CLANG_WARN_COMMA = YES;
				CLANG_WARN_CONSTANT_CONVERSION = YES;
				CLANG_WARN_DEPRECATED_OBJC_IMPLEMENTATIONS = YES;
				CLANG_WARN_DIRECT_OBJC_ISA_USAGE = YES_ERROR;
				CLANG_WARN_DOCUMENTATION_COMMENTS = YES;
				CLANG_WARN_EMPTY_BODY = YES;
				CLANG_WARN_ENUM_CONVERSION = YES;
				CLANG_WARN_INFINITE_RECURSION = YES;
				CLANG_WARN_INT_CONVERSION = YES;
				CLANG_WARN_NON_LITERAL_NULL_CONVERSION = YES;
				CLANG_WARN_OBJC_IMPLICIT_RETAIN_SELF = YES;
				CLANG_WARN_OBJC_LITERAL_CONVERSION = YES;
				CLANG_WARN_OBJC_ROOT_CLASS = YES_ERROR;
				CLANG_WARN_QUOTED_INCLUDE_IN_FRAMEWORK_HEADER = YES;
				CLANG_WARN_RANGE_LOOP_ANALYSIS = YES;
				CLANG_WARN_STRICT_PROTOTYPES = YES;
				CLANG_WARN_SUSPICIOUS_MOVE = YES;
				CLANG_WARN_UNGUARDED_AVAILABILITY = YES_AGGRESSIVE;
				CLANG_WARN_UNREACHABLE_CODE = YES;
				CLANG_WARN__DUPLICATE_METHOD_MATCH = YES;
				COPY_PHASE_STRIP = NO;
				DEBUG_INFORMATION_FORMAT = dwarf;
				ENABLE_STRICT_OBJC_MSGSEND = YES;
				ENABLE_TESTABILITY = YES;
				GCC_C_LANGUAGE_STANDARD = gnu11;
				GCC_DYNAMIC_NO_PIC = NO;
				GCC_NO_COMMON_BLOCKS = YES;
				GCC_OPTIMIZATION_LEVEL = 0;
				GCC_PREPROCESSOR_DEFINITIONS = (
					"DEBUG=1",
					"$(inherited)",
				);
				GCC_WARN_64_TO_32_BIT_CONVERSION = YES;
				GCC_WARN_ABOUT_RETURN_TYPE = YES_ERROR;
				GCC_WARN_UNDECLARED_SELECTOR = YES;
				GCC_WARN_UNINITIALIZED_AUTOS = YES_AGGRESSIVE;
				GCC_WARN_UNUSED_FUNCTION = YES;
				GCC_WARN_UNUSED_VARIABLE = YES;
				IPHONEOS_DEPLOYMENT_TARGET = 16.4;
				MTL_ENABLE_DEBUG_INFO = INCLUDE_SOURCE;
				MTL_FAST_MATH = YES;
				ONLY_ACTIVE_ARCH = YES;
				SDKROOT = iphoneos;
				SWIFT_ACTIVE_COMPILATION_CONDITIONS = DEBUG;
				SWIFT_OPTIMIZATION_LEVEL = "-Onone";
			};
			name = Debug;
		};
		608F7D6629F6E1330027E2BD /* Release */ = {
			isa = XCBuildConfiguration;
			buildSettings = {
				ALWAYS_SEARCH_USER_PATHS = NO;
				CLANG_ANALYZER_NONNULL = YES;
				CLANG_ANALYZER_NUMBER_OBJECT_CONVERSION = YES_AGGRESSIVE;
				CLANG_CXX_LANGUAGE_STANDARD = "gnu++20";
				CLANG_ENABLE_MODULES = YES;
				CLANG_ENABLE_OBJC_ARC = YES;
				CLANG_ENABLE_OBJC_WEAK = YES;
				CLANG_WARN_BLOCK_CAPTURE_AUTORELEASING = YES;
				CLANG_WARN_BOOL_CONVERSION = YES;
				CLANG_WARN_COMMA = YES;
				CLANG_WARN_CONSTANT_CONVERSION = YES;
				CLANG_WARN_DEPRECATED_OBJC_IMPLEMENTATIONS = YES;
				CLANG_WARN_DIRECT_OBJC_ISA_USAGE = YES_ERROR;
				CLANG_WARN_DOCUMENTATION_COMMENTS = YES;
				CLANG_WARN_EMPTY_BODY = YES;
				CLANG_WARN_ENUM_CONVERSION = YES;
				CLANG_WARN_INFINITE_RECURSION = YES;
				CLANG_WARN_INT_CONVERSION = YES;
				CLANG_WARN_NON_LITERAL_NULL_CONVERSION = YES;
				CLANG_WARN_OBJC_IMPLICIT_RETAIN_SELF = YES;
				CLANG_WARN_OBJC_LITERAL_CONVERSION = YES;
				CLANG_WARN_OBJC_ROOT_CLASS = YES_ERROR;
				CLANG_WARN_QUOTED_INCLUDE_IN_FRAMEWORK_HEADER = YES;
				CLANG_WARN_RANGE_LOOP_ANALYSIS = YES;
				CLANG_WARN_STRICT_PROTOTYPES = YES;
				CLANG_WARN_SUSPICIOUS_MOVE = YES;
				CLANG_WARN_UNGUARDED_AVAILABILITY = YES_AGGRESSIVE;
				CLANG_WARN_UNREACHABLE_CODE = YES;
				CLANG_WARN__DUPLICATE_METHOD_MATCH = YES;
				COPY_PHASE_STRIP = NO;
				DEBUG_INFORMATION_FORMAT = "dwarf-with-dsym";
				ENABLE_NS_ASSERTIONS = NO;
				ENABLE_STRICT_OBJC_MSGSEND = YES;
				GCC_C_LANGUAGE_STANDARD = gnu11;
				GCC_NO_COMMON_BLOCKS = YES;
				GCC_WARN_64_TO_32_BIT_CONVERSION = YES;
				GCC_WARN_ABOUT_RETURN_TYPE = YES_ERROR;
				GCC_WARN_UNDECLARED_SELECTOR = YES;
				GCC_WARN_UNINITIALIZED_AUTOS = YES_AGGRESSIVE;
				GCC_WARN_UNUSED_FUNCTION = YES;
				GCC_WARN_UNUSED_VARIABLE = YES;
				IPHONEOS_DEPLOYMENT_TARGET = 16.4;
				MTL_ENABLE_DEBUG_INFO = NO;
				MTL_FAST_MATH = YES;
				SDKROOT = iphoneos;
				SWIFT_COMPILATION_MODE = wholemodule;
				SWIFT_OPTIMIZATION_LEVEL = "-O";
				VALIDATE_PRODUCT = YES;
			};
			name = Release;
		};
		608F7D6829F6E1330027E2BD /* Debug */ = {
			isa = XCBuildConfiguration;
			buildSettings = {
				ASSETCATALOG_COMPILER_APPICON_NAME = AppIcon;
				ASSETCATALOG_COMPILER_GLOBAL_ACCENT_COLOR_NAME = AccentColor;
				CODE_SIGN_STYLE = Automatic;
				CURRENT_PROJECT_VERSION = 1;
				DEVELOPMENT_TEAM = WL3K4A7DH8;
				GENERATE_INFOPLIST_FILE = YES;
				INFOPLIST_FILE = AppStore/Files/Info.plist;
				INFOPLIST_KEY_UIApplicationSupportsIndirectInputEvents = YES;
				INFOPLIST_KEY_UILaunchStoryboardName = LaunchScreen;
				INFOPLIST_KEY_UISupportedInterfaceOrientations_iPad = "UIInterfaceOrientationPortrait UIInterfaceOrientationPortraitUpsideDown UIInterfaceOrientationLandscapeLeft UIInterfaceOrientationLandscapeRight";
				INFOPLIST_KEY_UISupportedInterfaceOrientations_iPhone = "UIInterfaceOrientationPortrait UIInterfaceOrientationLandscapeLeft UIInterfaceOrientationLandscapeRight";
				IPHONEOS_DEPLOYMENT_TARGET = 15.0;
				LD_RUNPATH_SEARCH_PATHS = (
					"$(inherited)",
					"@executable_path/Frameworks",
				);
				MARKETING_VERSION = 1.0;
				PRODUCT_BUNDLE_IDENTIFIER = com.barisdilekci.AppStore;
				PRODUCT_NAME = "$(TARGET_NAME)";
				SWIFT_EMIT_LOC_STRINGS = YES;
				SWIFT_VERSION = 5.0;
				TARGETED_DEVICE_FAMILY = "1,2";
			};
			name = Debug;
		};
		608F7D6929F6E1330027E2BD /* Release */ = {
			isa = XCBuildConfiguration;
			buildSettings = {
				ASSETCATALOG_COMPILER_APPICON_NAME = AppIcon;
				ASSETCATALOG_COMPILER_GLOBAL_ACCENT_COLOR_NAME = AccentColor;
				CODE_SIGN_STYLE = Automatic;
				CURRENT_PROJECT_VERSION = 1;
				DEVELOPMENT_TEAM = WL3K4A7DH8;
				GENERATE_INFOPLIST_FILE = YES;
				INFOPLIST_FILE = AppStore/Files/Info.plist;
				INFOPLIST_KEY_UIApplicationSupportsIndirectInputEvents = YES;
				INFOPLIST_KEY_UILaunchStoryboardName = LaunchScreen;
				INFOPLIST_KEY_UISupportedInterfaceOrientations_iPad = "UIInterfaceOrientationPortrait UIInterfaceOrientationPortraitUpsideDown UIInterfaceOrientationLandscapeLeft UIInterfaceOrientationLandscapeRight";
				INFOPLIST_KEY_UISupportedInterfaceOrientations_iPhone = "UIInterfaceOrientationPortrait UIInterfaceOrientationLandscapeLeft UIInterfaceOrientationLandscapeRight";
				IPHONEOS_DEPLOYMENT_TARGET = 15.0;
				LD_RUNPATH_SEARCH_PATHS = (
					"$(inherited)",
					"@executable_path/Frameworks",
				);
				MARKETING_VERSION = 1.0;
				PRODUCT_BUNDLE_IDENTIFIER = com.barisdilekci.AppStore;
				PRODUCT_NAME = "$(TARGET_NAME)";
				SWIFT_EMIT_LOC_STRINGS = YES;
				SWIFT_VERSION = 5.0;
				TARGETED_DEVICE_FAMILY = "1,2";
			};
			name = Release;
		};
/* End XCBuildConfiguration section */

/* Begin XCConfigurationList section */
		608F7D4E29F6E1320027E2BD /* Build configuration list for PBXProject "AppStore" */ = {
			isa = XCConfigurationList;
			buildConfigurations = (
				608F7D6529F6E1330027E2BD /* Debug */,
				608F7D6629F6E1330027E2BD /* Release */,
			);
			defaultConfigurationIsVisible = 0;
			defaultConfigurationName = Release;
		};
		608F7D6729F6E1330027E2BD /* Build configuration list for PBXNativeTarget "AppStore" */ = {
			isa = XCConfigurationList;
			buildConfigurations = (
				608F7D6829F6E1330027E2BD /* Debug */,
				608F7D6929F6E1330027E2BD /* Release */,
			);
			defaultConfigurationIsVisible = 0;
			defaultConfigurationName = Release;
		};
/* End XCConfigurationList section */

/* Begin XCRemoteSwiftPackageReference section */
		608F7D7D29F700F40027E2BD /* XCRemoteSwiftPackageReference "Alamofire" */ = {
			isa = XCRemoteSwiftPackageReference;
			repositoryURL = "https://github.com/Alamofire/Alamofire.git";
			requirement = {
				kind = upToNextMajorVersion;
				minimumVersion = 5.0.0;
			};
		};
		60B87C7F29F71F5300AF7E3B /* XCRemoteSwiftPackageReference "Kingfisher" */ = {
			isa = XCRemoteSwiftPackageReference;
			repositoryURL = "https://github.com/onevcat/Kingfisher.git";
			requirement = {
				kind = upToNextMajorVersion;
				minimumVersion = 7.0.0;
			};
		};
/* End XCRemoteSwiftPackageReference section */

/* Begin XCSwiftPackageProductDependency section */
		608F7D7E29F700F40027E2BD /* Alamofire */ = {
			isa = XCSwiftPackageProductDependency;
			package = 608F7D7D29F700F40027E2BD /* XCRemoteSwiftPackageReference "Alamofire" */;
			productName = Alamofire;
		};
		60B87C8029F71F5300AF7E3B /* Kingfisher */ = {
			isa = XCSwiftPackageProductDependency;
			package = 60B87C7F29F71F5300AF7E3B /* XCRemoteSwiftPackageReference "Kingfisher" */;
			productName = Kingfisher;
		};
/* End XCSwiftPackageProductDependency section */
	};
	rootObject = 608F7D4B29F6E1320027E2BD /* Project object */;
}
